# This file is autogenerated, do not edit; changes may be undone by the next 'dep ensure'.


[[projects]]
  name = "github.com/mageddo/go-logging"
  packages = ["."]
  revision = "7a44b89dd8729895685b465e309f2c8253be6a42"

[[projects]]
  name = "github.com/mageddo/go-optional"
  packages = ["."]
  revision = "d7c38d38b9e6a740a6ea0d2775ce6058d1e48837"

[[projects]]
  name = "github.com/mattn/go-sqlite3"
  packages = ["."]
  revision = "ca5e3819723d8eeaf170ad510e7da1d6d2e94a08"
  version = "v1.2.0"

[[projects]]
  branch = "master"
  name = "golang.org/x/net"
  packages = ["context"]
  revision = "66aacef3dd8a676686c7ae3716979581e8b03c47"

[solve-meta]
  analyzer-name = "dep"
  analyzer-version = 1
  inputs-digest = "d070bfb2365daf5dfe322486f48defbf7d915740e34768661ab199bbbbdaea58"
  solver-name = "gps-cdcl"
  solver-version = 1
